{
  "requires": true,
  "lockfileVersion": 1,
  "dependencies": {
    "@material/animation": {
      "version": "1.0.0",
      "resolved": "https://registry.npmjs.org/@material/animation/-/animation-1.0.0.tgz",
      "integrity": "sha512-Ed5/vggn6ZhSJ87yn3ZS1d826VJNFz73jHF2bSsgRtHDoB8KCuOwQMfdgAgDa4lKDF6CDIPCKBZPKrs2ubehdw==",
      "requires": {
        "tslib": "^1.9.3"
      }
    },
    "@material/base": {
      "version": "1.0.0",
      "resolved": "https://registry.npmjs.org/@material/base/-/base-1.0.0.tgz",
      "integrity": "sha512-5dxFp46x5FA+Epg6YHLzN+5zRt9S2wR84UdvVAEJ1egea94m9UHUg7y9tAnNSN16aexRSywmzyLwPr+i8PGEYA==",
      "requires": {
        "tslib": "^1.9.3"
      }
    },
    "@material/dom": {
      "version": "1.0.1",
      "resolved": "https://registry.npmjs.org/@material/dom/-/dom-1.0.1.tgz",
      "integrity": "sha512-7gb9Tk8YBn2fLEa5fJfvDexG0QxvRGDb8c6uZEhvK4bTd2ZHCfHg9KrO+smC6Trbn5jC+FsBvdRZBbMjtS/E4g==",
      "requires": {
        "tslib": "^1.9.3"
      }
    },
    "@material/drawer": {
      "version": "1.0.1",
      "resolved": "https://registry.npmjs.org/@material/drawer/-/drawer-1.0.1.tgz",
      "integrity": "sha512-xgpWg2MZVFWU0MX+H4MmWA0XQO0cxF1XFA0KdyV+7W0bdzpI1x8itM8Xh0suyzqyqDc+GMHG/OxP8KYUv40jeg==",
      "requires": {
        "@material/animation": "^1.0.0",
        "@material/base": "^1.0.0",
        "@material/elevation": "^1.0.0",
        "@material/list": "^1.0.1",
        "@material/ripple": "^1.0.1",
        "@material/rtl": "^0.42.0",
        "@material/shape": "^1.0.0",
        "@material/theme": "^1.0.0",
        "@material/typography": "^1.0.0",
        "focus-trap": "^4.0.2",
        "tslib": "^1.9.3"
      }
    },
    "@material/elevation": {
      "version": "1.0.0",
      "resolved": "https://registry.npmjs.org/@material/elevation/-/elevation-1.0.0.tgz",
      "integrity": "sha512-TqmvEXmZDYLm2X5lEnjKCsZMDkCXpxFFxL22AfCAQB5L4d0gAS7vqDEE797y4Rp+BBKEcOP71mum1l56RI3NBQ==",
      "requires": {
        "@material/animation": "^1.0.0",
        "@material/feature-targeting": "^0.44.1",
        "@material/theme": "^1.0.0"
      }
    },
    "@material/feature-targeting": {
      "version": "0.44.1",
      "resolved": "https://registry.npmjs.org/@material/feature-targeting/-/feature-targeting-0.44.1.tgz",
      "integrity": "sha512-90cc7njn4aHbH9UxY8qgZth1W5JgOgcEdWdubH1t7sFkwqFxS5g3zgxSBt46TygFBVIXNZNq35Xmg80wgqO7Pg=="
    },
    "@material/list": {
      "version": "1.0.1",
      "resolved": "https://registry.npmjs.org/@material/list/-/list-1.0.1.tgz",
      "integrity": "sha512-u9Bx+mghPy2qCHcSH2b0+0jbjTtkXNdiWjb8JDQcYmOUTfFoeQ16GqvjTybRPwoKA0UC9Hc/4U8gYvnK+bReRw==",
      "requires": {
        "@material/base": "^1.0.0",
        "@material/dom": "^1.0.1",
        "@material/feature-targeting": "^0.44.1",
        "@material/ripple": "^1.0.1",
        "@material/rtl": "^0.42.0",
        "@material/shape": "^1.0.0",
        "@material/theme": "^1.0.0",
        "@material/typography": "^1.0.0",
        "tslib": "^1.9.3"
      }
    },
    "@material/ripple": {
      "version": "1.0.1",
      "resolved": "https://registry.npmjs.org/@material/ripple/-/ripple-1.0.1.tgz",
      "integrity": "sha512-aBigRoVMjIU2lLDq7TMocI2H2YFbO1hICs5FTdSRp4Yis/QFTrgaW32q8yuHdZI56j+b2BWIWapqA2xpSmCMXQ==",
      "requires": {
        "@material/animation": "^1.0.0",
        "@material/base": "^1.0.0",
        "@material/dom": "^1.0.1",
        "@material/feature-targeting": "^0.44.1",
        "@material/theme": "^1.0.0",
        "tslib": "^1.9.3"
      }
    },
    "@material/rtl": {
      "version": "0.42.0",
      "resolved": "https://registry.npmjs.org/@material/rtl/-/rtl-0.42.0.tgz",
      "integrity": "sha512-VrnrKJzhmspsN8WXHuxxBZ69yM5IwhCUqWr1t1eNfw3ZEvEj7i1g3P31HGowKThIN1dc1Wh4LE14rCISWCtv5w=="
    },
    "@material/shape": {
      "version": "1.0.0",
      "resolved": "https://registry.npmjs.org/@material/shape/-/shape-1.0.0.tgz",
      "integrity": "sha512-zfXEacPQZmH+ujVtaFyfAsYiF46j1QCcFzJeZVouG4pznrbA7XD6614Ywg0wbyWX5iB6hD52ld/IN+R/6oxKqA==",
      "requires": {
        "@material/feature-targeting": "^0.44.1"
      }
    },
    "@material/theme": {
      "version": "1.0.0",
      "resolved": "https://registry.npmjs.org/@material/theme/-/theme-1.0.0.tgz",
      "integrity": "sha512-Bg/BQLU5MmCwtQ3DHcSs9DodZB8PTvuItv1wXrP54S/wBVwryIB5uMDmERhnItbNnAFbkKhlAuhn1asMmMzfkQ==",
      "requires": {
        "@material/feature-targeting": "^0.44.1"
      }
    },
    "@material/typography": {
      "version": "1.0.0",
      "resolved": "https://registry.npmjs.org/@material/typography/-/typography-1.0.0.tgz",
      "integrity": "sha512-Oeqbjci1cC7jTE8/n3dwnkqKe9ZeWiaE+rgMtRYtRFw1HvAw14SpGA5EEAS/Li2Hu2KZ50FYCe3HYqShfxtChA==",
      "requires": {
        "@material/feature-targeting": "^0.44.1"
      }
    },
    "focus-trap": {
      "version": "4.0.2",
      "resolved": "https://registry.npmjs.org/focus-trap/-/focus-trap-4.0.2.tgz",
      "integrity": "sha512-HtLjfAK7Hp2qbBtLS6wEznID1mPT+48ZnP2nkHzgjpL4kroYHg0CdqJ5cTXk+UO5znAxF5fRUkhdyfgrhh8Lzw==",
      "requires": {
        "tabbable": "^3.1.2",
        "xtend": "^4.0.1"
      }
    },
    "tabbable": {
      "version": "3.1.2",
      "resolved": "https://registry.npmjs.org/tabbable/-/tabbable-3.1.2.tgz",
      "integrity": "sha512-wjB6puVXTYO0BSFtCmWQubA/KIn7Xvajw0x0l6eJUudMG/EAiJvIUnyNX6xO4NpGrJ16lbD0eUseB9WxW0vlpQ=="
    },
    "tslib": {
      "version": "1.9.3",
      "resolved": "https://registry.npmjs.org/tslib/-/tslib-1.9.3.tgz",
      "integrity": "sha512-4krF8scpejhaOgqzBEcGM7yDIEfi0/8+8zDRZhNZZ2kjmHJ4hv3zCbQWxoJGz1iw5U0Jl0nma13xzHXcncMavQ=="
    },
    "xtend": {
      "version": "4.0.1",
      "resolved": "https://registry.npmjs.org/xtend/-/xtend-4.0.1.tgz",
      "integrity": "sha1-pcbVMr5lbiPbgg77lDofBJmNY68="
    }
  }
}
